
Microsoft Visual Studio Solution File, Format Version 12.00
# Visual Studio Version 17
VisualStudioVersion = 17.1.32228.430
MinimumVisualStudioVersion = 10.0.40219.1
Project("{FAE04EC0-301F-11D3-BF4B-00C04F79EFBC}") = "NLog.Targets.InfluxDB", "NLog.Targets.InfluxDB\NLog.Targets.InfluxDB.csproj", "{16D9AC2E-6E2B-4E60-B1EE-42587FD3D85F}"
EndProject
Project("{FAE04EC0-301F-11D3-BF4B-00C04F79EFBC}") = "NLog.Targets.InfluxDB.Demo", "NLog.Targets.InfluxDB.Demo\NLog.Targets.InfluxDB.Demo.csproj", "{32A935F1-EBB3-40D5-97B1-D02EA716A074}"
EndProject
Project("{2150E333-8FDC-42A3-9474-1A3956D46DE8}") = "Solution Items", "Solution Items", "{0D42728F-A232-42BC-A172-CC3AC6396B3B}"
	ProjectSection(SolutionItems) = preProject
		README.md = README.md
	EndProjectSection
EndProject
Global
	GlobalSection(SolutionConfigurationPlatforms) = preSolution
		Debug|Any CPU = Debug|Any CPU
		Release|Any CPU = Release|Any CPU
	EndGlobalSection
	GlobalSection(ProjectConfigurationPlatforms) = postSolution
		{16D9AC2E-6E2B-4E60-B1EE-42587FD3D85F}.Debug|Any CPU.ActiveCfg = Debug|Any CPU
		{16D9AC2E-6E2B-4E60-B1EE-42587FD3D85F}.Debug|Any CPU.Build.0 = Debug|Any CPU
		{16D9AC2E-6E2B-4E60-B1EE-42587FD3D85F}.Release|Any CPU.ActiveCfg = Release|Any CPU
		{16D9AC2E-6E2B-4E60-B1EE-42587FD3D85F}.Release|Any CPU.Build.0 = Release|Any CPU
		{32A935F1-EBB3-40D5-97B1-D02EA716A074}.Debug|Any CPU.ActiveCfg = Debug|Any CPU
		{32A935F1-EBB3-40D5-97B1-D02EA716A074}.Debug|Any CPU.Build.0 = Debug|Any CPU
		{32A935F1-EBB3-40D5-97B1-D02EA716A074}.Release|Any CPU.ActiveCfg = Release|Any CPU
		{32A935F1-EBB3-40D5-97B1-D02EA716A074}.Release|Any CPU.Build.0 = Release|Any CPU
	EndGlobalSection
	GlobalSection(SolutionProperties) = preSolution
		HideSolutionNode = FALSE
	EndGlobalSection
	GlobalSection(ExtensibilityGlobals) = postSolution
		SolutionGuid = {34191593-0435-422C-8068-865010B10612}
	EndGlobalSection
EndGlobal
